
Microsoft Visual Studio Solution File, Format Version 12.00
# Visual Studio 15
VisualStudioVersion = 15.0.26403.7
MinimumVisualStudioVersion = 10.0.40219.1
Project("{FAE04EC0-301F-11D3-BF4B-00C04F79EFBC}") = "FileHostingService.Model", "FileHostingService.Model\FileHostingService.Model.csproj", "{CE96DC80-8B3A-4953-8BD7-4D085965C04F}"
EndProject
Project("{FAE04EC0-301F-11D3-BF4B-00C04F79EFBC}") = "FileHostingService.DataAccess", "FileHostingService.DataAccess\FileHostingService.DataAccess.csproj", "{6179F503-FBF2-4316-80A1-BDDCF301E658}"
EndProject
Project("{FAE04EC0-301F-11D3-BF4B-00C04F79EFBC}") = "FileHostingService.DataAccess.SQL", "FileHostingService.DataAccess.SQL\FileHostingService.DataAccess.SQL.csproj", "{263BF933-8347-4F0A-9F65-CCA8A00D109A}"
EndProject
Project("{2150E333-8FDC-42A3-9474-1A3956D46DE8}") = "Tests", "Tests", "{9CCC3CFB-45ED-4B19-9671-2128C76870B4}"
EndProject
Project("{FAE04EC0-301F-11D3-BF4B-00C04F79EFBC}") = "FileHosting.DataAccess.SQL.Tests", "FileHosting.DataAccess.SQL.Tests\FileHosting.DataAccess.SQL.Tests.csproj", "{CBC45F09-1400-4F5B-AADA-AA1BBB47C199}"
EndProject
Project("{FAE04EC0-301F-11D3-BF4B-00C04F79EFBC}") = "FileHostingService.WebApi", "FileHostingService.WebApi\FileHostingService.WebApi.csproj", "{7A2084DD-A443-4831-82DC-197A2DC3DB9F}"
EndProject
Project("{FAE04EC0-301F-11D3-BF4B-00C04F79EFBC}") = "FileHostingService.Log", "FileHostingService.Log\FileHostingService.Log.csproj", "{50B0B917-6A7A-4C99-A35D-E3F84BD8EAC3}"
EndProject
Global
	GlobalSection(SolutionConfigurationPlatforms) = preSolution
		Debug|Any CPU = Debug|Any CPU
		Release|Any CPU = Release|Any CPU
	EndGlobalSection
	GlobalSection(ProjectConfigurationPlatforms) = postSolution
		{CE96DC80-8B3A-4953-8BD7-4D085965C04F}.Debug|Any CPU.ActiveCfg = Debug|Any CPU
		{CE96DC80-8B3A-4953-8BD7-4D085965C04F}.Debug|Any CPU.Build.0 = Debug|Any CPU
		{CE96DC80-8B3A-4953-8BD7-4D085965C04F}.Release|Any CPU.ActiveCfg = Release|Any CPU
		{CE96DC80-8B3A-4953-8BD7-4D085965C04F}.Release|Any CPU.Build.0 = Release|Any CPU
		{6179F503-FBF2-4316-80A1-BDDCF301E658}.Debug|Any CPU.ActiveCfg = Debug|Any CPU
		{6179F503-FBF2-4316-80A1-BDDCF301E658}.Debug|Any CPU.Build.0 = Debug|Any CPU
		{6179F503-FBF2-4316-80A1-BDDCF301E658}.Release|Any CPU.ActiveCfg = Release|Any CPU
		{6179F503-FBF2-4316-80A1-BDDCF301E658}.Release|Any CPU.Build.0 = Release|Any CPU
		{263BF933-8347-4F0A-9F65-CCA8A00D109A}.Debug|Any CPU.ActiveCfg = Debug|Any CPU
		{263BF933-8347-4F0A-9F65-CCA8A00D109A}.Debug|Any CPU.Build.0 = Debug|Any CPU
		{263BF933-8347-4F0A-9F65-CCA8A00D109A}.Release|Any CPU.ActiveCfg = Release|Any CPU
		{263BF933-8347-4F0A-9F65-CCA8A00D109A}.Release|Any CPU.Build.0 = Release|Any CPU
		{CBC45F09-1400-4F5B-AADA-AA1BBB47C199}.Debug|Any CPU.ActiveCfg = Debug|Any CPU
		{CBC45F09-1400-4F5B-AADA-AA1BBB47C199}.Debug|Any CPU.Build.0 = Debug|Any CPU
		{CBC45F09-1400-4F5B-AADA-AA1BBB47C199}.Release|Any CPU.ActiveCfg = Release|Any CPU
		{CBC45F09-1400-4F5B-AADA-AA1BBB47C199}.Release|Any CPU.Build.0 = Release|Any CPU
		{7A2084DD-A443-4831-82DC-197A2DC3DB9F}.Debug|Any CPU.ActiveCfg = Debug|Any CPU
		{7A2084DD-A443-4831-82DC-197A2DC3DB9F}.Debug|Any CPU.Build.0 = Debug|Any CPU
		{7A2084DD-A443-4831-82DC-197A2DC3DB9F}.Release|Any CPU.ActiveCfg = Release|Any CPU
		{7A2084DD-A443-4831-82DC-197A2DC3DB9F}.Release|Any CPU.Build.0 = Release|Any CPU
		{50B0B917-6A7A-4C99-A35D-E3F84BD8EAC3}.Debug|Any CPU.ActiveCfg = Debug|Any CPU
		{50B0B917-6A7A-4C99-A35D-E3F84BD8EAC3}.Debug|Any CPU.Build.0 = Debug|Any CPU
		{50B0B917-6A7A-4C99-A35D-E3F84BD8EAC3}.Release|Any CPU.ActiveCfg = Release|Any CPU
		{50B0B917-6A7A-4C99-A35D-E3F84BD8EAC3}.Release|Any CPU.Build.0 = Release|Any CPU
	EndGlobalSection
	GlobalSection(SolutionProperties) = preSolution
		HideSolutionNode = FALSE
	EndGlobalSection
	GlobalSection(NestedProjects) = preSolution
		{CBC45F09-1400-4F5B-AADA-AA1BBB47C199} = {9CCC3CFB-45ED-4B19-9671-2128C76870B4}
	EndGlobalSection
EndGlobal
